{
  "name": "securityplus-sy0-701-study-app",
  "version": "1.0.0",
  "lockfileVersion": 3,
  "requires": true,
  "packages": {
    "": {
      "name": "securityplus-sy0-701-study-app",
      "version": "1.0.0",
      "dependencies": {
        "@capacitor/android": "latest",
        "@capacitor/cli": "latest",
        "@capacitor/core": "latest",
        "@vitejs/plugin-react": "latest",
        "pdfjs-dist": "latest",
        "react": "latest",
        "react-dom": "latest",
        "vite": "latest"
      },
      "devDependencies": {}
    }
  }
}
